
Microsoft Visual Studio Solution File, Format Version 12.00
# Visual Studio Version 16
VisualStudioVersion = 16.0.31005.135
MinimumVisualStudioVersion = 10.0.40219.1
Project("{FAE04EC0-301F-11D3-BF4B-00C04F79EFBC}") = "Perimetro y area de poligono regular", "Perimetro y area de poligono regular.csproj", "{67F98E4C-8F37-4850-8A8D-1066C320C1E3}"
EndProject
Global
	GlobalSection(SolutionConfigurationPlatforms) = preSolution
		Debug|Any CPU = Debug|Any CPU
		Release|Any CPU = Release|Any CPU
	EndGlobalSection
	GlobalSection(ProjectConfigurationPlatforms) = postSolution
		{67F98E4C-8F37-4850-8A8D-1066C320C1E3}.Debug|Any CPU.ActiveCfg = Debug|Any CPU
		{67F98E4C-8F37-4850-8A8D-1066C320C1E3}.Debug|Any CPU.Build.0 = Debug|Any CPU
		{67F98E4C-8F37-4850-8A8D-1066C320C1E3}.Release|Any CPU.ActiveCfg = Release|Any CPU
		{67F98E4C-8F37-4850-8A8D-1066C320C1E3}.Release|Any CPU.Build.0 = Release|Any CPU
	EndGlobalSection
	GlobalSection(SolutionProperties) = preSolution
		HideSolutionNode = FALSE
	EndGlobalSection
	GlobalSection(ExtensibilityGlobals) = postSolution
		SolutionGuid = {DC221F18-AC75-479A-8D3A-27512D9AE9A8}
	EndGlobalSection
EndGlobal
