
Microsoft Visual Studio Solution File, Format Version 12.00
# Visual Studio Version 16
VisualStudioVersion = 16.0.31005.135
MinimumVisualStudioVersion = 10.0.40219.1
Project("{FAE04EC0-301F-11D3-BF4B-00C04F79EFBC}") = "dia semana", "dia semana.csproj", "{DB31BD5D-EEBE-49BE-8678-98C9F6A620C1}"
EndProject
Global
	GlobalSection(SolutionConfigurationPlatforms) = preSolution
		Debug|Any CPU = Debug|Any CPU
		Release|Any CPU = Release|Any CPU
	EndGlobalSection
	GlobalSection(ProjectConfigurationPlatforms) = postSolution
		{DB31BD5D-EEBE-49BE-8678-98C9F6A620C1}.Debug|Any CPU.ActiveCfg = Debug|Any CPU
		{DB31BD5D-EEBE-49BE-8678-98C9F6A620C1}.Debug|Any CPU.Build.0 = Debug|Any CPU
		{DB31BD5D-EEBE-49BE-8678-98C9F6A620C1}.Release|Any CPU.ActiveCfg = Release|Any CPU
		{DB31BD5D-EEBE-49BE-8678-98C9F6A620C1}.Release|Any CPU.Build.0 = Release|Any CPU
	EndGlobalSection
	GlobalSection(SolutionProperties) = preSolution
		HideSolutionNode = FALSE
	EndGlobalSection
	GlobalSection(ExtensibilityGlobals) = postSolution
		SolutionGuid = {B54036D0-FB6A-460E-B064-E7378ADD6498}
	EndGlobalSection
EndGlobal
