
Microsoft Visual Studio Solution File, Format Version 12.00
# Visual Studio Version 16
VisualStudioVersion = 16.0.31005.135
MinimumVisualStudioVersion = 10.0.40219.1
Project("{FAE04EC0-301F-11D3-BF4B-00C04F79EFBC}") = "Par o impar", "Par o impar.csproj", "{03B11017-94EC-43D3-BA41-CBB5EAA1364C}"
EndProject
Global
	GlobalSection(SolutionConfigurationPlatforms) = preSolution
		Debug|Any CPU = Debug|Any CPU
		Release|Any CPU = Release|Any CPU
	EndGlobalSection
	GlobalSection(ProjectConfigurationPlatforms) = postSolution
		{03B11017-94EC-43D3-BA41-CBB5EAA1364C}.Debug|Any CPU.ActiveCfg = Debug|Any CPU
		{03B11017-94EC-43D3-BA41-CBB5EAA1364C}.Debug|Any CPU.Build.0 = Debug|Any CPU
		{03B11017-94EC-43D3-BA41-CBB5EAA1364C}.Release|Any CPU.ActiveCfg = Release|Any CPU
		{03B11017-94EC-43D3-BA41-CBB5EAA1364C}.Release|Any CPU.Build.0 = Release|Any CPU
	EndGlobalSection
	GlobalSection(SolutionProperties) = preSolution
		HideSolutionNode = FALSE
	EndGlobalSection
	GlobalSection(ExtensibilityGlobals) = postSolution
		SolutionGuid = {DB1D78E6-28FC-4F40-BD67-5A1AA2A4C3BB}
	EndGlobalSection
EndGlobal
